
Microsoft Visual Studio Solution File, Format Version 12.00
# Visual Studio Version 17
VisualStudioVersion = 17.7.34009.444
MinimumVisualStudioVersion = 10.0.40219.1
Project("{FAE04EC0-301F-11D3-BF4B-00C04F79EFBC}") = "APIDemo", "SampleApiRestSharp\APIDemo.csproj", "{4433B1F2-D239-4C21-81E4-8EDFEA8242AC}"
EndProject
Project("{FAE04EC0-301F-11D3-BF4B-00C04F79EFBC}") = "APITest", "APITest\APITest.csproj", "{6A9D7C9C-E40F-4DA1-AD47-A2DDA935A5DD}"
EndProject
Project("{FAE04EC0-301F-11D3-BF4B-00C04F79EFBC}") = "ConsoleApp1", "ConsoleApp1\ConsoleApp1.csproj", "{85BA97DA-07C7-425A-A16D-2E8E039DA131}"
EndProject
Global
	GlobalSection(SolutionConfigurationPlatforms) = preSolution
		Debug|Any CPU = Debug|Any CPU
		Release|Any CPU = Release|Any CPU
	EndGlobalSection
	GlobalSection(ProjectConfigurationPlatforms) = postSolution
		{4433B1F2-D239-4C21-81E4-8EDFEA8242AC}.Debug|Any CPU.ActiveCfg = Debug|Any CPU
		{4433B1F2-D239-4C21-81E4-8EDFEA8242AC}.Debug|Any CPU.Build.0 = Debug|Any CPU
		{4433B1F2-D239-4C21-81E4-8EDFEA8242AC}.Release|Any CPU.ActiveCfg = Release|Any CPU
		{4433B1F2-D239-4C21-81E4-8EDFEA8242AC}.Release|Any CPU.Build.0 = Release|Any CPU
		{6A9D7C9C-E40F-4DA1-AD47-A2DDA935A5DD}.Debug|Any CPU.ActiveCfg = Debug|Any CPU
		{6A9D7C9C-E40F-4DA1-AD47-A2DDA935A5DD}.Debug|Any CPU.Build.0 = Debug|Any CPU
		{6A9D7C9C-E40F-4DA1-AD47-A2DDA935A5DD}.Release|Any CPU.ActiveCfg = Release|Any CPU
		{6A9D7C9C-E40F-4DA1-AD47-A2DDA935A5DD}.Release|Any CPU.Build.0 = Release|Any CPU
		{85BA97DA-07C7-425A-A16D-2E8E039DA131}.Debug|Any CPU.ActiveCfg = Debug|Any CPU
		{85BA97DA-07C7-425A-A16D-2E8E039DA131}.Debug|Any CPU.Build.0 = Debug|Any CPU
		{85BA97DA-07C7-425A-A16D-2E8E039DA131}.Release|Any CPU.ActiveCfg = Release|Any CPU
		{85BA97DA-07C7-425A-A16D-2E8E039DA131}.Release|Any CPU.Build.0 = Release|Any CPU
	EndGlobalSection
	GlobalSection(SolutionProperties) = preSolution
		HideSolutionNode = FALSE
	EndGlobalSection
	GlobalSection(ExtensibilityGlobals) = postSolution
		SolutionGuid = {25797999-0139-40BF-9D47-28CBD1719A9F}
	EndGlobalSection
EndGlobal
